
Microsoft Visual Studio Solution File, Format Version 12.00
# Visual Studio Version 16
VisualStudioVersion = 16.0.29418.71
MinimumVisualStudioVersion = 10.0.40219.1
Project("{9A19103F-16F7-4668-BE54-9A1E7A4F7556}") = "Wonder.WPF", "Wonder.WPF\Wonder.WPF.csproj", "{2C8D671A-5C2F-4A45-A02D-B3B654826FE8}"
EndProject
Project("{FAE04EC0-301F-11D3-BF4B-00C04F79EFBC}") = "Wonder.UWP", "Wonder.UWP\Wonder.UWP.csproj", "{F78E34AC-79C4-46F4-A370-8D8FA9777D0D}"
EndProject
Global
	GlobalSection(SolutionConfigurationPlatforms) = preSolution
		Debug|Any CPU = Debug|Any CPU
		Debug|ARM = Debug|ARM
		Debug|ARM64 = Debug|ARM64
		Debug|x64 = Debug|x64
		Debug|x86 = Debug|x86
		Release|Any CPU = Release|Any CPU
		Release|ARM = Release|ARM
		Release|ARM64 = Release|ARM64
		Release|x64 = Release|x64
		Release|x86 = Release|x86
	EndGlobalSection
	GlobalSection(ProjectConfigurationPlatforms) = postSolution
		{2C8D671A-5C2F-4A45-A02D-B3B654826FE8}.Debug|Any CPU.ActiveCfg = Debug|Any CPU
		{2C8D671A-5C2F-4A45-A02D-B3B654826FE8}.Debug|Any CPU.Build.0 = Debug|Any CPU
		{2C8D671A-5C2F-4A45-A02D-B3B654826FE8}.Debug|ARM.ActiveCfg = Debug|Any CPU
		{2C8D671A-5C2F-4A45-A02D-B3B654826FE8}.Debug|ARM.Build.0 = Debug|Any CPU
		{2C8D671A-5C2F-4A45-A02D-B3B654826FE8}.Debug|ARM64.ActiveCfg = Debug|Any CPU
		{2C8D671A-5C2F-4A45-A02D-B3B654826FE8}.Debug|ARM64.Build.0 = Debug|Any CPU
		{2C8D671A-5C2F-4A45-A02D-B3B654826FE8}.Debug|x64.ActiveCfg = Debug|Any CPU
		{2C8D671A-5C2F-4A45-A02D-B3B654826FE8}.Debug|x64.Build.0 = Debug|Any CPU
		{2C8D671A-5C2F-4A45-A02D-B3B654826FE8}.Debug|x86.ActiveCfg = Debug|Any CPU
		{2C8D671A-5C2F-4A45-A02D-B3B654826FE8}.Debug|x86.Build.0 = Debug|Any CPU
		{2C8D671A-5C2F-4A45-A02D-B3B654826FE8}.Release|Any CPU.ActiveCfg = Release|Any CPU
		{2C8D671A-5C2F-4A45-A02D-B3B654826FE8}.Release|Any CPU.Build.0 = Release|Any CPU
		{2C8D671A-5C2F-4A45-A02D-B3B654826FE8}.Release|ARM.ActiveCfg = Release|Any CPU
		{2C8D671A-5C2F-4A45-A02D-B3B654826FE8}.Release|ARM.Build.0 = Release|Any CPU
		{2C8D671A-5C2F-4A45-A02D-B3B654826FE8}.Release|ARM64.ActiveCfg = Release|Any CPU
		{2C8D671A-5C2F-4A45-A02D-B3B654826FE8}.Release|ARM64.Build.0 = Release|Any CPU
		{2C8D671A-5C2F-4A45-A02D-B3B654826FE8}.Release|x64.ActiveCfg = Release|Any CPU
		{2C8D671A-5C2F-4A45-A02D-B3B654826FE8}.Release|x64.Build.0 = Release|Any CPU
		{2C8D671A-5C2F-4A45-A02D-B3B654826FE8}.Release|x86.ActiveCfg = Release|Any CPU
		{2C8D671A-5C2F-4A45-A02D-B3B654826FE8}.Release|x86.Build.0 = Release|Any CPU
		{F78E34AC-79C4-46F4-A370-8D8FA9777D0D}.Debug|Any CPU.ActiveCfg = Debug|x86
		{F78E34AC-79C4-46F4-A370-8D8FA9777D0D}.Debug|ARM.ActiveCfg = Debug|ARM
		{F78E34AC-79C4-46F4-A370-8D8FA9777D0D}.Debug|ARM.Build.0 = Debug|ARM
		{F78E34AC-79C4-46F4-A370-8D8FA9777D0D}.Debug|ARM.Deploy.0 = Debug|ARM
		{F78E34AC-79C4-46F4-A370-8D8FA9777D0D}.Debug|ARM64.ActiveCfg = Debug|ARM64
		{F78E34AC-79C4-46F4-A370-8D8FA9777D0D}.Debug|ARM64.Build.0 = Debug|ARM64
		{F78E34AC-79C4-46F4-A370-8D8FA9777D0D}.Debug|ARM64.Deploy.0 = Debug|ARM64
		{F78E34AC-79C4-46F4-A370-8D8FA9777D0D}.Debug|x64.ActiveCfg = Debug|x64
		{F78E34AC-79C4-46F4-A370-8D8FA9777D0D}.Debug|x64.Build.0 = Debug|x64
		{F78E34AC-79C4-46F4-A370-8D8FA9777D0D}.Debug|x64.Deploy.0 = Debug|x64
		{F78E34AC-79C4-46F4-A370-8D8FA9777D0D}.Debug|x86.ActiveCfg = Debug|x86
		{F78E34AC-79C4-46F4-A370-8D8FA9777D0D}.Debug|x86.Build.0 = Debug|x86
		{F78E34AC-79C4-46F4-A370-8D8FA9777D0D}.Debug|x86.Deploy.0 = Debug|x86
		{F78E34AC-79C4-46F4-A370-8D8FA9777D0D}.Release|Any CPU.ActiveCfg = Release|x86
		{F78E34AC-79C4-46F4-A370-8D8FA9777D0D}.Release|ARM.ActiveCfg = Release|ARM
		{F78E34AC-79C4-46F4-A370-8D8FA9777D0D}.Release|ARM.Build.0 = Release|ARM
		{F78E34AC-79C4-46F4-A370-8D8FA9777D0D}.Release|ARM.Deploy.0 = Release|ARM
		{F78E34AC-79C4-46F4-A370-8D8FA9777D0D}.Release|ARM64.ActiveCfg = Release|ARM64
		{F78E34AC-79C4-46F4-A370-8D8FA9777D0D}.Release|ARM64.Build.0 = Release|ARM64
		{F78E34AC-79C4-46F4-A370-8D8FA9777D0D}.Release|ARM64.Deploy.0 = Release|ARM64
		{F78E34AC-79C4-46F4-A370-8D8FA9777D0D}.Release|x64.ActiveCfg = Release|x64
		{F78E34AC-79C4-46F4-A370-8D8FA9777D0D}.Release|x64.Build.0 = Release|x64
		{F78E34AC-79C4-46F4-A370-8D8FA9777D0D}.Release|x64.Deploy.0 = Release|x64
		{F78E34AC-79C4-46F4-A370-8D8FA9777D0D}.Release|x86.ActiveCfg = Release|x86
		{F78E34AC-79C4-46F4-A370-8D8FA9777D0D}.Release|x86.Build.0 = Release|x86
		{F78E34AC-79C4-46F4-A370-8D8FA9777D0D}.Release|x86.Deploy.0 = Release|x86
	EndGlobalSection
	GlobalSection(SolutionProperties) = preSolution
		HideSolutionNode = FALSE
	EndGlobalSection
	GlobalSection(ExtensibilityGlobals) = postSolution
		SolutionGuid = {089C6E8B-46B0-4E0E-ADDC-8665A5F49F22}
	EndGlobalSection
EndGlobal
